// !$*UTF8*$!
{
	archiveVersion = 1;
	classes = {
	};
	objectVersion = 46;
	objects = {

/* Begin PBXBuildFile section */
		4D1D7F191CF81C24008BAE3C /* ImageCollectionViewController.swift in Sources */ = {isa = PBXBuildFile; fileRef = 4D1D7F181CF81C24008BAE3C /* ImageCollectionViewController.swift */; };
		4D5FDED61CF74654005C8051 /* AppDelegate.swift in Sources */ = {isa = PBXBuildFile; fileRef = 4D5FDED51CF74654005C8051 /* AppDelegate.swift */; };
		4D5FDED81CF74654005C8051 /* VTMapViewController.swift in Sources */ = {isa = PBXBuildFile; fileRef = 4D5FDED71CF74654005C8051 /* VTMapViewController.swift */; };
		4D5FDEDB1CF74654005C8051 /* Main.storyboard in Resources */ = {isa = PBXBuildFile; fileRef = 4D5FDED91CF74654005C8051 /* Main.storyboard */; };
		4D5FDEDD1CF74654005C8051 /* Assets.xcassets in Resources */ = {isa = PBXBuildFile; fileRef = 4D5FDEDC1CF74654005C8051 /* Assets.xcassets */; };
		4D5FDEE01CF74654005C8051 /* LaunchScreen.storyboard in Resources */ = {isa = PBXBuildFile; fileRef = 4D5FDEDE1CF74654005C8051 /* LaunchScreen.storyboard */; };
		4D5FDEEC1CF74701005C8051 /* CoreDataStack.swift in Sources */ = {isa = PBXBuildFile; fileRef = 4D5FDEEB1CF74701005C8051 /* CoreDataStack.swift */; };
		4D5FDEEE1CF74728005C8051 /* CoreDataTableViewController.swift in Sources */ = {isa = PBXBuildFile; fileRef = 4D5FDEED1CF74728005C8051 /* CoreDataTableViewController.swift */; };
		4D5FDEF11CF74B8A005C8051 /* Model.xcdatamodeld in Sources */ = {isa = PBXBuildFile; fileRef = 4D5FDEEF1CF74B8A005C8051 /* Model.xcdatamodeld */; };
		4D5FDEF61CF75050005C8051 /* Location+CoreDataProperties.swift in Sources */ = {isa = PBXBuildFile; fileRef = 4D5FDEF21CF75050005C8051 /* Location+CoreDataProperties.swift */; };
		4D5FDEF71CF75050005C8051 /* Location.swift in Sources */ = {isa = PBXBuildFile; fileRef = 4D5FDEF31CF75050005C8051 /* Location.swift */; };
		4D5FDEF81CF75050005C8051 /* Image+CoreDataProperties.swift in Sources */ = {isa = PBXBuildFile; fileRef = 4D5FDEF41CF75050005C8051 /* Image+CoreDataProperties.swift */; };
		4D5FDEF91CF75050005C8051 /* Image.swift in Sources */ = {isa = PBXBuildFile; fileRef = 4D5FDEF51CF75050005C8051 /* Image.swift */; };
		4D5FDEFC1CF75158005C8051 /* Constants.swift in Sources */ = {isa = PBXBuildFile; fileRef = 4D5FDEFB1CF75158005C8051 /* Constants.swift */; };
		4D5FDEFE1CF755BA005C8051 /* Utilities.swift in Sources */ = {isa = PBXBuildFile; fileRef = 4D5FDEFD1CF755BA005C8051 /* Utilities.swift */; };
		4D5FDF001CF77DFC005C8051 /* VTAnnotation.swift in Sources */ = {isa = PBXBuildFile; fileRef = 4D5FDEFF1CF77DFC005C8051 /* VTAnnotation.swift */; };
/* End PBXBuildFile section */

/* Begin PBXFileReference section */
		4D1D7F181CF81C24008BAE3C /* ImageCollectionViewController.swift */ = {isa = PBXFileReference; fileEncoding = 4; lastKnownFileType = sourcecode.swift; path = ImageCollectionViewController.swift; sourceTree = "<group>"; };
		4D5FDED21CF74654005C8051 /* Virtual Tourist.app */ = {isa = PBXFileReference; explicitFileType = wrapper.application; includeInIndex = 0; path = "Virtual Tourist.app"; sourceTree = BUILT_PRODUCTS_DIR; };
		4D5FDED51CF74654005C8051 /* AppDelegate.swift */ = {isa = PBXFileReference; lastKnownFileType = sourcecode.swift; path = AppDelegate.swift; sourceTree = "<group>"; };
		4D5FDED71CF74654005C8051 /* VTMapViewController.swift */ = {isa = PBXFileReference; lastKnownFileType = sourcecode.swift; path = VTMapViewController.swift; sourceTree = "<group>"; };
		4D5FDEDA1CF74654005C8051 /* Base */ = {isa = PBXFileReference; lastKnownFileType = file.storyboard; name = Base; path = Base.lproj/Main.storyboard; sourceTree = "<group>"; };
		4D5FDEDC1CF74654005C8051 /* Assets.xcassets */ = {isa = PBXFileReference; lastKnownFileType = folder.assetcatalog; path = Assets.xcassets; sourceTree = "<group>"; };
		4D5FDEDF1CF74654005C8051 /* Base */ = {isa = PBXFileReference; lastKnownFileType = file.storyboard; name = Base; path = Base.lproj/LaunchScreen.storyboard; sourceTree = "<group>"; };
		4D5FDEE11CF74654005C8051 /* Info.plist */ = {isa = PBXFileReference; lastKnownFileType = text.plist.xml; path = Info.plist; sourceTree = "<group>"; };
		4D5FDEEB1CF74701005C8051 /* CoreDataStack.swift */ = {isa = PBXFileReference; fileEncoding = 4; lastKnownFileType = sourcecode.swift; path = CoreDataStack.swift; sourceTree = "<group>"; };
		4D5FDEED1CF74728005C8051 /* CoreDataTableViewController.swift */ = {isa = PBXFileReference; fileEncoding = 4; lastKnownFileType = sourcecode.swift; path = CoreDataTableViewController.swift; sourceTree = "<group>"; };
		4D5FDEF01CF74B8A005C8051 /* Model.xcdatamodel */ = {isa = PBXFileReference; lastKnownFileType = wrapper.xcdatamodel; path = Model.xcdatamodel; sourceTree = "<group>"; };
		4D5FDEF21CF75050005C8051 /* Location+CoreDataProperties.swift */ = {isa = PBXFileReference; fileEncoding = 4; lastKnownFileType = sourcecode.swift; name = "Location+CoreDataProperties.swift"; path = "../Location+CoreDataProperties.swift"; sourceTree = "<group>"; };
		4D5FDEF31CF75050005C8051 /* Location.swift */ = {isa = PBXFileReference; fileEncoding = 4; lastKnownFileType = sourcecode.swift; name = Location.swift; path = ../Location.swift; sourceTree = "<group>"; };
		4D5FDEF41CF75050005C8051 /* Image+CoreDataProperties.swift */ = {isa = PBXFileReference; fileEncoding = 4; lastKnownFileType = sourcecode.swift; name = "Image+CoreDataProperties.swift"; path = "../Image+CoreDataProperties.swift"; sourceTree = "<group>"; };
		4D5FDEF51CF75050005C8051 /* Image.swift */ = {isa = PBXFileReference; fileEncoding = 4; lastKnownFileType = sourcecode.swift; name = Image.swift; path = ../Image.swift; sourceTree = "<group>"; };
		4D5FDEFB1CF75158005C8051 /* Constants.swift */ = {isa = PBXFileReference; fileEncoding = 4; lastKnownFileType = sourcecode.swift; path = Constants.swift; sourceTree = "<group>"; };
		4D5FDEFD1CF755BA005C8051 /* Utilities.swift */ = {isa = PBXFileReference; fileEncoding = 4; lastKnownFileType = sourcecode.swift; path = Utilities.swift; sourceTree = "<group>"; };
		4D5FDEFF1CF77DFC005C8051 /* VTAnnotation.swift */ = {isa = PBXFileReference; fileEncoding = 4; lastKnownFileType = sourcecode.swift; path = VTAnnotation.swift; sourceTree = "<group>"; };
/* End PBXFileReference section */

/* Begin PBXFrameworksBuildPhase section */
		4D5FDECF1CF74654005C8051 /* Frameworks */ = {
			isa = PBXFrameworksBuildPhase;
			buildActionMask = 2147483647;
			files = (
			);
			runOnlyForDeploymentPostprocessing = 0;
		};
/* End PBXFrameworksBuildPhase section */

/* Begin PBXGroup section */
		4D5FDEC91CF74654005C8051 = {
			isa = PBXGroup;
			children = (
				4D5FDED41CF74654005C8051 /* Virtual Tourist */,
				4D5FDED31CF74654005C8051 /* Products */,
			);
			sourceTree = "<group>";
		};
		4D5FDED31CF74654005C8051 /* Products */ = {
			isa = PBXGroup;
			children = (
				4D5FDED21CF74654005C8051 /* Virtual Tourist.app */,
			);
			name = Products;
			sourceTree = "<group>";
		};
		4D5FDED41CF74654005C8051 /* Virtual Tourist */ = {
			isa = PBXGroup;
			children = (
				4D5FDED51CF74654005C8051 /* AppDelegate.swift */,
				4D5FDED91CF74654005C8051 /* Main.storyboard */,
				4D5FDEDC1CF74654005C8051 /* Assets.xcassets */,
				4D5FDEDE1CF74654005C8051 /* LaunchScreen.storyboard */,
				4D5FDEE11CF74654005C8051 /* Info.plist */,
				4D5FDEFB1CF75158005C8051 /* Constants.swift */,
				4D5FDEFD1CF755BA005C8051 /* Utilities.swift */,
				4D5FDEE91CF74698005C8051 /* View */,
				4D5FDEE81CF74682005C8051 /* Model */,
				4D5FDEE71CF74676005C8051 /* Controller */,
			);
			path = "Virtual Tourist";
			sourceTree = "<group>";
		};
		4D5FDEE71CF74676005C8051 /* Controller */ = {
			isa = PBXGroup;
			children = (
				4D5FDED71CF74654005C8051 /* VTMapViewController.swift */,
				4D5FDEED1CF74728005C8051 /* CoreDataTableViewController.swift */,
				4D1D7F181CF81C24008BAE3C /* ImageCollectionViewController.swift */,
			);
			name = Controller;
			sourceTree = "<group>";
		};
		4D5FDEE81CF74682005C8051 /* Model */ = {
			isa = PBXGroup;
			children = (
				4D5FDEFA1CF75062005C8051 /* CoreDataModel */,
				4D5FDEEB1CF74701005C8051 /* CoreDataStack.swift */,
				4D5FDEEF1CF74B8A005C8051 /* Model.xcdatamodeld */,
				4D5FDEFF1CF77DFC005C8051 /* VTAnnotation.swift */,
			);
			name = Model;
			sourceTree = "<group>";
		};
		4D5FDEE91CF74698005C8051 /* View */ = {
			isa = PBXGroup;
			children = (
			);
			name = View;
			sourceTree = "<group>";
		};
		4D5FDEFA1CF75062005C8051 /* CoreDataModel */ = {
			isa = PBXGroup;
			children = (
				4D5FDEF21CF75050005C8051 /* Location+CoreDataProperties.swift */,
				4D5FDEF31CF75050005C8051 /* Location.swift */,
				4D5FDEF41CF75050005C8051 /* Image+CoreDataProperties.swift */,
				4D5FDEF51CF75050005C8051 /* Image.swift */,
			);
			name = CoreDataModel;
			sourceTree = "<group>";
		};
/* End PBXGroup section */

/* Begin PBXNativeTarget section */
		4D5FDED11CF74654005C8051 /* Virtual Tourist */ = {
			isa = PBXNativeTarget;
			buildConfigurationList = 4D5FDEE41CF74654005C8051 /* Build configuration list for PBXNativeTarget "Virtual Tourist" */;
			buildPhases = (
				4D5FDECE1CF74654005C8051 /* Sources */,
				4D5FDECF1CF74654005C8051 /* Frameworks */,
				4D5FDED01CF74654005C8051 /* Resources */,
			);
			buildRules = (
			);
			dependencies = (
			);
			name = "Virtual Tourist";
			productName = "Virtual Tourist";
			productReference = 4D5FDED21CF74654005C8051 /* Virtual Tourist.app */;
			productType = "com.apple.product-type.application";
		};
/* End PBXNativeTarget section */

/* Begin PBXProject section */
		4D5FDECA1CF74654005C8051 /* Project object */ = {
			isa = PBXProject;
			attributes = {
				LastSwiftUpdateCheck = 0730;
				LastUpgradeCheck = 0730;
				ORGANIZATIONNAME = "Yu Qi Hao";
				TargetAttributes = {
					4D5FDED11CF74654005C8051 = {
						CreatedOnToolsVersion = 7.3;
					};
				};
			};
			buildConfigurationList = 4D5FDECD1CF74654005C8051 /* Build configuration list for PBXProject "Virtual Tourist" */;
			compatibilityVersion = "Xcode 3.2";
			developmentRegion = English;
			hasScannedForEncodings = 0;
			knownRegions = (
				en,
				Base,
			);
			mainGroup = 4D5FDEC91CF74654005C8051;
			productRefGroup = 4D5FDED31CF74654005C8051 /* Products */;
			projectDirPath = "";
			projectRoot = "";
			targets = (
				4D5FDED11CF74654005C8051 /* Virtual Tourist */,
			);
		};
/* End PBXProject section */

/* Begin PBXResourcesBuildPhase section */
		4D5FDED01CF74654005C8051 /* Resources */ = {
			isa = PBXResourcesBuildPhase;
			buildActionMask = 2147483647;
			files = (
				4D5FDEE01CF74654005C8051 /* LaunchScreen.storyboard in Resources */,
				4D5FDEDD1CF74654005C8051 /* Assets.xcassets in Resources */,
				4D5FDEDB1CF74654005C8051 /* Main.storyboard in Resources */,
			);
			runOnlyForDeploymentPostprocessing = 0;
		};
/* End PBXResourcesBuildPhase section */

/* Begin PBXSourcesBuildPhase section */
		4D5FDECE1CF74654005C8051 /* Sources */ = {
			isa = PBXSourcesBuildPhase;
			buildActionMask = 2147483647;
			files = (
				4D5FDEEC1CF74701005C8051 /* CoreDataStack.swift in Sources */,
				4D5FDEF91CF75050005C8051 /* Image.swift in Sources */,
				4D5FDEFE1CF755BA005C8051 /* Utilities.swift in Sources */,
				4D5FDED81CF74654005C8051 /* VTMapViewController.swift in Sources */,
				4D5FDEF61CF75050005C8051 /* Location+CoreDataProperties.swift in Sources */,
				4D5FDEF11CF74B8A005C8051 /* Model.xcdatamodeld in Sources */,
				4D5FDF001CF77DFC005C8051 /* VTAnnotation.swift in Sources */,
				4D1D7F191CF81C24008BAE3C /* ImageCollectionViewController.swift in Sources */,
				4D5FDEFC1CF75158005C8051 /* Constants.swift in Sources */,
				4D5FDEEE1CF74728005C8051 /* CoreDataTableViewController.swift in Sources */,
				4D5FDED61CF74654005C8051 /* AppDelegate.swift in Sources */,
				4D5FDEF71CF75050005C8051 /* Location.swift in Sources */,
				4D5FDEF81CF75050005C8051 /* Image+CoreDataProperties.swift in Sources */,
			);
			runOnlyForDeploymentPostprocessing = 0;
		};
/* End PBXSourcesBuildPhase section */

/* Begin PBXVariantGroup section */
		4D5FDED91CF74654005C8051 /* Main.storyboard */ = {
			isa = PBXVariantGroup;
			children = (
				4D5FDEDA1CF74654005C8051 /* Base */,
			);
			name = Main.storyboard;
			sourceTree = "<group>";
		};
		4D5FDEDE1CF74654005C8051 /* LaunchScreen.storyboard */ = {
			isa = PBXVariantGroup;
			children = (
				4D5FDEDF1CF74654005C8051 /* Base */,
			);
			name = LaunchScreen.storyboard;
			sourceTree = "<group>";
		};
/* End PBXVariantGroup section */

/* Begin XCBuildConfiguration section */
		4D5FDEE21CF74654005C8051 /* Debug */ = {
			isa = XCBuildConfiguration;
			buildSettings = {
				ALWAYS_SEARCH_USER_PATHS = NO;
				CLANG_ANALYZER_NONNULL = YES;
				CLANG_CXX_LANGUAGE_STANDARD = "gnu++0x";
				CLANG_CXX_LIBRARY = "libc++";
				CLANG_ENABLE_MODULES = YES;
				CLANG_ENABLE_OBJC_ARC = YES;
				CLANG_WARN_BOOL_CONVERSION = YES;
				CLANG_WARN_CONSTANT_CONVERSION = YES;
				CLANG_WARN_DIRECT_OBJC_ISA_USAGE = YES_ERROR;
				CLANG_WARN_EMPTY_BODY = YES;
				CLANG_WARN_ENUM_CONVERSION = YES;
				CLANG_WARN_INT_CONVERSION = YES;
				CLANG_WARN_OBJC_ROOT_CLASS = YES_ERROR;
				CLANG_WARN_UNREACHABLE_CODE = YES;
				CLANG_WARN__DUPLICATE_METHOD_MATCH = YES;
				"CODE_SIGN_IDENTITY[sdk=iphoneos*]" = "iPhone Developer";
				COPY_PHASE_STRIP = NO;
				DEBUG_INFORMATION_FORMAT = dwarf;
				ENABLE_STRICT_OBJC_MSGSEND = YES;
				ENABLE_TESTABILITY = YES;
				GCC_C_LANGUAGE_STANDARD = gnu99;
				GCC_DYNAMIC_NO_PIC = NO;
				GCC_NO_COMMON_BLOCKS = YES;
				GCC_OPTIMIZATION_LEVEL = 0;
				GCC_PREPROCESSOR_DEFINITIONS = (
					"DEBUG=1",
					"$(inherited)",
				);
				GCC_WARN_64_TO_32_BIT_CONVERSION = YES;
				GCC_WARN_ABOUT_RETURN_TYPE = YES_ERROR;
				GCC_WARN_UNDECLARED_SELECTOR = YES;
				GCC_WARN_UNINITIALIZED_AUTOS = YES_AGGRESSIVE;
				GCC_WARN_UNUSED_FUNCTION = YES;
				GCC_WARN_UNUSED_VARIABLE = YES;
				IPHONEOS_DEPLOYMENT_TARGET = 9.3;
				MTL_ENABLE_DEBUG_INFO = YES;
				ONLY_ACTIVE_ARCH = YES;
				SDKROOT = iphoneos;
				SWIFT_OPTIMIZATION_LEVEL = "-Onone";
			};
			name = Debug;
		};
		4D5FDEE31CF74654005C8051 /* Release */ = {
			isa = XCBuildConfiguration;
			buildSettings = {
				ALWAYS_SEARCH_USER_PATHS = NO;
				CLANG_ANALYZER_NONNULL = YES;
				CLANG_CXX_LANGUAGE_STANDARD = "gnu++0x";
				CLANG_CXX_LIBRARY = "libc++";
				CLANG_ENABLE_MODULES = YES;
				CLANG_ENABLE_OBJC_ARC = YES;
				CLANG_WARN_BOOL_CONVERSION = YES;
				CLANG_WARN_CONSTANT_CONVERSION = YES;
				CLANG_WARN_DIRECT_OBJC_ISA_USAGE = YES_ERROR;
				CLANG_WARN_EMPTY_BODY = YES;
				CLANG_WARN_ENUM_CONVERSION = YES;
				CLANG_WARN_INT_CONVERSION = YES;
				CLANG_WARN_OBJC_ROOT_CLASS = YES_ERROR;
				CLANG_WARN_UNREACHABLE_CODE = YES;
				CLANG_WARN__DUPLICATE_METHOD_MATCH = YES;
				"CODE_SIGN_IDENTITY[sdk=iphoneos*]" = "iPhone Developer";
				COPY_PHASE_STRIP = NO;
				DEBUG_INFORMATION_FORMAT = "dwarf-with-dsym";
				ENABLE_NS_ASSERTIONS = NO;
				ENABLE_STRICT_OBJC_MSGSEND = YES;
				GCC_C_LANGUAGE_STANDARD = gnu99;
				GCC_NO_COMMON_BLOCKS = YES;
				GCC_WARN_64_TO_32_BIT_CONVERSION = YES;
				GCC_WARN_ABOUT_RETURN_TYPE = YES_ERROR;
				GCC_WARN_UNDECLARED_SELECTOR = YES;
				GCC_WARN_UNINITIALIZED_AUTOS = YES_AGGRESSIVE;
				GCC_WARN_UNUSED_FUNCTION = YES;
				GCC_WARN_UNUSED_VARIABLE = YES;
				IPHONEOS_DEPLOYMENT_TARGET = 9.3;
				MTL_ENABLE_DEBUG_INFO = NO;
				SDKROOT = iphoneos;
				VALIDATE_PRODUCT = YES;
			};
			name = Release;
		};
		4D5FDEE51CF74654005C8051 /* Debug */ = {
			isa = XCBuildConfiguration;
			buildSettings = {
				ASSETCATALOG_COMPILER_APPICON_NAME = AppIcon;
				INFOPLIST_FILE = "Virtual Tourist/Info.plist";
				LD_RUNPATH_SEARCH_PATHS = "$(inherited) @executable_path/Frameworks";
				PRODUCT_BUNDLE_IDENTIFIER = "com.markqhao.Virtual-Tourist";
				PRODUCT_NAME = "$(TARGET_NAME)";
			};
			name = Debug;
		};
		4D5FDEE61CF74654005C8051 /* Release */ = {
			isa = XCBuildConfiguration;
			buildSettings = {
				ASSETCATALOG_COMPILER_APPICON_NAME = AppIcon;
				INFOPLIST_FILE = "Virtual Tourist/Info.plist";
				LD_RUNPATH_SEARCH_PATHS = "$(inherited) @executable_path/Frameworks";
				PRODUCT_BUNDLE_IDENTIFIER = "com.markqhao.Virtual-Tourist";
				PRODUCT_NAME = "$(TARGET_NAME)";
			};
			name = Release;
		};
/* End XCBuildConfiguration section */

/* Begin XCConfigurationList section */
		4D5FDECD1CF74654005C8051 /* Build configuration list for PBXProject "Virtual Tourist" */ = {
			isa = XCConfigurationList;
			buildConfigurations = (
				4D5FDEE21CF74654005C8051 /* Debug */,
				4D5FDEE31CF74654005C8051 /* Release */,
			);
			defaultConfigurationIsVisible = 0;
			defaultConfigurationName = Release;
		};
		4D5FDEE41CF74654005C8051 /* Build configuration list for PBXNativeTarget "Virtual Tourist" */ = {
			isa = XCConfigurationList;
			buildConfigurations = (
				4D5FDEE51CF74654005C8051 /* Debug */,
				4D5FDEE61CF74654005C8051 /* Release */,
			);
			defaultConfigurationIsVisible = 0;
			defaultConfigurationName = Release;
		};
/* End XCConfigurationList section */

/* Begin XCVersionGroup section */
		4D5FDEEF1CF74B8A005C8051 /* Model.xcdatamodeld */ = {
			isa = XCVersionGroup;
			children = (
				4D5FDEF01CF74B8A005C8051 /* Model.xcdatamodel */,
			);
			currentVersion = 4D5FDEF01CF74B8A005C8051 /* Model.xcdatamodel */;
			name = Model.xcdatamodeld;
			path = ../Model.xcdatamodeld;
			sourceTree = "<group>";
			versionGroupType = wrapper.xcdatamodel;
		};
/* End XCVersionGroup section */
	};
	rootObject = 4D5FDECA1CF74654005C8051 /* Project object */;
}
