<?xml version="1.0" encoding="UTF-8"?>
<!DOCTYPE plist PUBLIC "-//Apple//DTD PLIST 1.0//EN" "http://www.apple.com/DTDs/PropertyList-1.0.dtd">
<plist version="1.0">
<dict>
	<key>archiveVersion</key>
	<string>1</string>
	<key>classes</key>
	<dict/>
	<key>objectVersion</key>
	<string>46</string>
	<key>objects</key>
	<dict>
		<key>245C43640F2A063618C77DFA</key>
		<dict>
			<key>children</key>
			<array>
				<string>38F03124B38581A9DDE41080</string>
			</array>
			<key>isa</key>
			<string>PBXGroup</string>
			<key>name</key>
			<string>Frameworks</string>
			<key>sourceTree</key>
			<string>&lt;group&gt;</string>
		</dict>
		<key>38F03124B38581A9DDE41080</key>
		<dict>
			<key>explicitFileType</key>
			<string>wrapper.framework</string>
			<key>includeInIndex</key>
			<string>0</string>
			<key>isa</key>
			<string>PBXFileReference</string>
			<key>path</key>
			<string>Pods_Virtual_Tourist.framework</string>
			<key>sourceTree</key>
			<string>BUILT_PRODUCTS_DIR</string>
		</dict>
		<key>4D1D7F181CF81C24008BAE3C</key>
		<dict>
			<key>fileEncoding</key>
			<string>4</string>
			<key>isa</key>
			<string>PBXFileReference</string>
			<key>lastKnownFileType</key>
			<string>sourcecode.swift</string>
			<key>path</key>
			<string>ImageCollectionViewController.swift</string>
			<key>sourceTree</key>
			<string>&lt;group&gt;</string>
		</dict>
		<key>4D1D7F191CF81C24008BAE3C</key>
		<dict>
			<key>fileRef</key>
			<string>4D1D7F181CF81C24008BAE3C</string>
			<key>isa</key>
			<string>PBXBuildFile</string>
		</dict>
		<key>4D1D7F1A1CF8DCAC008BAE3C</key>
		<dict>
			<key>fileEncoding</key>
			<string>4</string>
			<key>isa</key>
			<string>PBXFileReference</string>
			<key>lastKnownFileType</key>
			<string>sourcecode.swift</string>
			<key>path</key>
			<string>VTCollectionViewCell.swift</string>
			<key>sourceTree</key>
			<string>&lt;group&gt;</string>
		</dict>
		<key>4D1D7F1B1CF8DCAC008BAE3C</key>
		<dict>
			<key>fileRef</key>
			<string>4D1D7F1A1CF8DCAC008BAE3C</string>
			<key>isa</key>
			<string>PBXBuildFile</string>
		</dict>
		<key>4D1D7F1C1CF8DD3E008BAE3C</key>
		<dict>
			<key>children</key>
			<array>
				<string>4D1D7F271CF90800008BAE3C</string>
				<string>4D1D7F1D1CF8DD45008BAE3C</string>
			</array>
			<key>isa</key>
			<string>PBXGroup</string>
			<key>name</key>
			<string>Client</string>
			<key>sourceTree</key>
			<string>&lt;group&gt;</string>
		</dict>
		<key>4D1D7F1D1CF8DD45008BAE3C</key>
		<dict>
			<key>children</key>
			<array>
				<string>4D1D7F1E1CF8DF6B008BAE3C</string>
				<string>4D1D7F201CF8DFC1008BAE3C</string>
				<string>4D1D7F221CF8E31E008BAE3C</string>
			</array>
			<key>isa</key>
			<string>PBXGroup</string>
			<key>name</key>
			<string>Fllickr</string>
			<key>sourceTree</key>
			<string>&lt;group&gt;</string>
		</dict>
		<key>4D1D7F1E1CF8DF6B008BAE3C</key>
		<dict>
			<key>fileEncoding</key>
			<string>4</string>
			<key>isa</key>
			<string>PBXFileReference</string>
			<key>lastKnownFileType</key>
			<string>sourcecode.swift</string>
			<key>path</key>
			<string>FlickrConstants.swift</string>
			<key>sourceTree</key>
			<string>&lt;group&gt;</string>
		</dict>
		<key>4D1D7F1F1CF8DF6B008BAE3C</key>
		<dict>
			<key>fileRef</key>
			<string>4D1D7F1E1CF8DF6B008BAE3C</string>
			<key>isa</key>
			<string>PBXBuildFile</string>
		</dict>
		<key>4D1D7F201CF8DFC1008BAE3C</key>
		<dict>
			<key>fileEncoding</key>
			<string>4</string>
			<key>isa</key>
			<string>PBXFileReference</string>
			<key>lastKnownFileType</key>
			<string>sourcecode.swift</string>
			<key>path</key>
			<string>FlickrClient.swift</string>
			<key>sourceTree</key>
			<string>&lt;group&gt;</string>
		</dict>
		<key>4D1D7F211CF8DFC1008BAE3C</key>
		<dict>
			<key>fileRef</key>
			<string>4D1D7F201CF8DFC1008BAE3C</string>
			<key>isa</key>
			<string>PBXBuildFile</string>
		</dict>
		<key>4D1D7F221CF8E31E008BAE3C</key>
		<dict>
			<key>fileEncoding</key>
			<string>4</string>
			<key>isa</key>
			<string>PBXFileReference</string>
			<key>lastKnownFileType</key>
			<string>sourcecode.swift</string>
			<key>path</key>
			<string>FlickrConvenience.swift</string>
			<key>sourceTree</key>
			<string>&lt;group&gt;</string>
		</dict>
		<key>4D1D7F231CF8E31E008BAE3C</key>
		<dict>
			<key>fileRef</key>
			<string>4D1D7F221CF8E31E008BAE3C</string>
			<key>isa</key>
			<string>PBXBuildFile</string>
		</dict>
		<key>4D1D7F241CF8F2A6008BAE3C</key>
		<dict>
			<key>isa</key>
			<string>PBXFileReference</string>
			<key>lastKnownFileType</key>
			<string>wrapper.xcdatamodel</string>
			<key>path</key>
			<string>Model2.xcdatamodel</string>
			<key>sourceTree</key>
			<string>&lt;group&gt;</string>
		</dict>
		<key>4D1D7F271CF90800008BAE3C</key>
		<dict>
			<key>fileEncoding</key>
			<string>4</string>
			<key>isa</key>
			<string>PBXFileReference</string>
			<key>lastKnownFileType</key>
			<string>sourcecode.swift</string>
			<key>path</key>
			<string>VTImage.swift</string>
			<key>sourceTree</key>
			<string>&lt;group&gt;</string>
		</dict>
		<key>4D1D7F281CF90800008BAE3C</key>
		<dict>
			<key>fileRef</key>
			<string>4D1D7F271CF90800008BAE3C</string>
			<key>isa</key>
			<string>PBXBuildFile</string>
		</dict>
		<key>4D5FDEC91CF74654005C8051</key>
		<dict>
			<key>children</key>
			<array>
				<string>4D5FDED41CF74654005C8051</string>
				<string>4D5FDED31CF74654005C8051</string>
				<string>AC2F2003C5BB77403D4F1195</string>
				<string>245C43640F2A063618C77DFA</string>
			</array>
			<key>isa</key>
			<string>PBXGroup</string>
			<key>sourceTree</key>
			<string>&lt;group&gt;</string>
		</dict>
		<key>4D5FDECA1CF74654005C8051</key>
		<dict>
			<key>attributes</key>
			<dict>
				<key>LastSwiftUpdateCheck</key>
				<string>0730</string>
				<key>LastUpgradeCheck</key>
				<string>0730</string>
				<key>ORGANIZATIONNAME</key>
				<string>Yu Qi Hao</string>
				<key>TargetAttributes</key>
				<dict>
					<key>4D5FDED11CF74654005C8051</key>
					<dict>
						<key>CreatedOnToolsVersion</key>
						<string>7.3</string>
					</dict>
				</dict>
			</dict>
			<key>buildConfigurationList</key>
			<string>4D5FDECD1CF74654005C8051</string>
			<key>compatibilityVersion</key>
			<string>Xcode 3.2</string>
			<key>developmentRegion</key>
			<string>English</string>
			<key>hasScannedForEncodings</key>
			<string>0</string>
			<key>isa</key>
			<string>PBXProject</string>
			<key>knownRegions</key>
			<array>
				<string>en</string>
				<string>Base</string>
			</array>
			<key>mainGroup</key>
			<string>4D5FDEC91CF74654005C8051</string>
			<key>productRefGroup</key>
			<string>4D5FDED31CF74654005C8051</string>
			<key>projectDirPath</key>
			<string></string>
			<key>projectReferences</key>
			<array/>
			<key>projectRoot</key>
			<string></string>
			<key>targets</key>
			<array>
				<string>4D5FDED11CF74654005C8051</string>
			</array>
		</dict>
		<key>4D5FDECD1CF74654005C8051</key>
		<dict>
			<key>buildConfigurations</key>
			<array>
				<string>4D5FDEE21CF74654005C8051</string>
				<string>4D5FDEE31CF74654005C8051</string>
			</array>
			<key>defaultConfigurationIsVisible</key>
			<string>0</string>
			<key>defaultConfigurationName</key>
			<string>Release</string>
			<key>isa</key>
			<string>XCConfigurationList</string>
		</dict>
		<key>4D5FDECE1CF74654005C8051</key>
		<dict>
			<key>buildActionMask</key>
			<string>2147483647</string>
			<key>files</key>
			<array>
				<string>4D5FDEEC1CF74701005C8051</string>
				<string>4D1D7F1F1CF8DF6B008BAE3C</string>
				<string>4D5FDEF91CF75050005C8051</string>
				<string>4D5FDEFE1CF755BA005C8051</string>
				<string>4D5FDED81CF74654005C8051</string>
				<string>4D5FDEF61CF75050005C8051</string>
				<string>4D5FDEF11CF74B8A005C8051</string>
				<string>4D1D7F211CF8DFC1008BAE3C</string>
				<string>4D5FDF001CF77DFC005C8051</string>
				<string>4D1D7F281CF90800008BAE3C</string>
				<string>4D1D7F231CF8E31E008BAE3C</string>
				<string>4D1D7F191CF81C24008BAE3C</string>
				<string>4D5FDEFC1CF75158005C8051</string>
				<string>4D5FDEEE1CF74728005C8051</string>
				<string>4D1D7F1B1CF8DCAC008BAE3C</string>
				<string>4D5FDED61CF74654005C8051</string>
				<string>4D5FDEF71CF75050005C8051</string>
				<string>4D5FDEF81CF75050005C8051</string>
			</array>
			<key>isa</key>
			<string>PBXSourcesBuildPhase</string>
			<key>runOnlyForDeploymentPostprocessing</key>
			<string>0</string>
		</dict>
		<key>4D5FDECF1CF74654005C8051</key>
		<dict>
			<key>buildActionMask</key>
			<string>2147483647</string>
			<key>files</key>
			<array>
				<string>A7D72E922899A524D5F2F67D</string>
			</array>
			<key>isa</key>
			<string>PBXFrameworksBuildPhase</string>
			<key>runOnlyForDeploymentPostprocessing</key>
			<string>0</string>
		</dict>
		<key>4D5FDED01CF74654005C8051</key>
		<dict>
			<key>buildActionMask</key>
			<string>2147483647</string>
			<key>files</key>
			<array>
				<string>4D5FDEE01CF74654005C8051</string>
				<string>4D5FDEDD1CF74654005C8051</string>
				<string>4D5FDEDB1CF74654005C8051</string>
			</array>
			<key>isa</key>
			<string>PBXResourcesBuildPhase</string>
			<key>runOnlyForDeploymentPostprocessing</key>
			<string>0</string>
		</dict>
		<key>4D5FDED11CF74654005C8051</key>
		<dict>
			<key>buildConfigurationList</key>
			<string>4D5FDEE41CF74654005C8051</string>
			<key>buildPhases</key>
			<array>
				<string>87B8AA52D66CD9ED07B10E7A</string>
				<string>4D5FDECE1CF74654005C8051</string>
				<string>4D5FDECF1CF74654005C8051</string>
				<string>4D5FDED01CF74654005C8051</string>
				<string>C791B4AB62C73E52EEAC952E</string>
				<string>AAD20816D9730415075CFB90</string>
			</array>
			<key>buildRules</key>
			<array/>
			<key>dependencies</key>
			<array/>
			<key>isa</key>
			<string>PBXNativeTarget</string>
			<key>name</key>
			<string>Virtual Tourist</string>
			<key>productName</key>
			<string>Virtual Tourist</string>
			<key>productReference</key>
			<string>4D5FDED21CF74654005C8051</string>
			<key>productType</key>
			<string>com.apple.product-type.application</string>
		</dict>
		<key>4D5FDED21CF74654005C8051</key>
		<dict>
			<key>explicitFileType</key>
			<string>wrapper.application</string>
			<key>includeInIndex</key>
			<string>0</string>
			<key>isa</key>
			<string>PBXFileReference</string>
			<key>path</key>
			<string>Virtual Tourist.app</string>
			<key>sourceTree</key>
			<string>BUILT_PRODUCTS_DIR</string>
		</dict>
		<key>4D5FDED31CF74654005C8051</key>
		<dict>
			<key>children</key>
			<array>
				<string>4D5FDED21CF74654005C8051</string>
			</array>
			<key>isa</key>
			<string>PBXGroup</string>
			<key>name</key>
			<string>Products</string>
			<key>sourceTree</key>
			<string>&lt;group&gt;</string>
		</dict>
		<key>4D5FDED41CF74654005C8051</key>
		<dict>
			<key>children</key>
			<array>
				<string>4D5FDED51CF74654005C8051</string>
				<string>4D5FDED91CF74654005C8051</string>
				<string>4D5FDEDC1CF74654005C8051</string>
				<string>4D5FDEDE1CF74654005C8051</string>
				<string>4D5FDEE11CF74654005C8051</string>
				<string>4D5FDEFB1CF75158005C8051</string>
				<string>4D5FDEFD1CF755BA005C8051</string>
				<string>4D5FDEE91CF74698005C8051</string>
				<string>4D5FDEE81CF74682005C8051</string>
				<string>4D5FDEE71CF74676005C8051</string>
			</array>
			<key>isa</key>
			<string>PBXGroup</string>
			<key>path</key>
			<string>Virtual Tourist</string>
			<key>sourceTree</key>
			<string>&lt;group&gt;</string>
		</dict>
		<key>4D5FDED51CF74654005C8051</key>
		<dict>
			<key>isa</key>
			<string>PBXFileReference</string>
			<key>lastKnownFileType</key>
			<string>sourcecode.swift</string>
			<key>path</key>
			<string>AppDelegate.swift</string>
			<key>sourceTree</key>
			<string>&lt;group&gt;</string>
		</dict>
		<key>4D5FDED61CF74654005C8051</key>
		<dict>
			<key>fileRef</key>
			<string>4D5FDED51CF74654005C8051</string>
			<key>isa</key>
			<string>PBXBuildFile</string>
		</dict>
		<key>4D5FDED71CF74654005C8051</key>
		<dict>
			<key>isa</key>
			<string>PBXFileReference</string>
			<key>lastKnownFileType</key>
			<string>sourcecode.swift</string>
			<key>path</key>
			<string>VTMapViewController.swift</string>
			<key>sourceTree</key>
			<string>&lt;group&gt;</string>
		</dict>
		<key>4D5FDED81CF74654005C8051</key>
		<dict>
			<key>fileRef</key>
			<string>4D5FDED71CF74654005C8051</string>
			<key>isa</key>
			<string>PBXBuildFile</string>
		</dict>
		<key>4D5FDED91CF74654005C8051</key>
		<dict>
			<key>children</key>
			<array>
				<string>4D5FDEDA1CF74654005C8051</string>
			</array>
			<key>isa</key>
			<string>PBXVariantGroup</string>
			<key>name</key>
			<string>Main.storyboard</string>
			<key>sourceTree</key>
			<string>&lt;group&gt;</string>
		</dict>
		<key>4D5FDEDA1CF74654005C8051</key>
		<dict>
			<key>isa</key>
			<string>PBXFileReference</string>
			<key>lastKnownFileType</key>
			<string>file.storyboard</string>
			<key>name</key>
			<string>Base</string>
			<key>path</key>
			<string>Base.lproj/Main.storyboard</string>
			<key>sourceTree</key>
			<string>&lt;group&gt;</string>
		</dict>
		<key>4D5FDEDB1CF74654005C8051</key>
		<dict>
			<key>fileRef</key>
			<string>4D5FDED91CF74654005C8051</string>
			<key>isa</key>
			<string>PBXBuildFile</string>
		</dict>
		<key>4D5FDEDC1CF74654005C8051</key>
		<dict>
			<key>isa</key>
			<string>PBXFileReference</string>
			<key>lastKnownFileType</key>
			<string>folder.assetcatalog</string>
			<key>path</key>
			<string>Assets.xcassets</string>
			<key>sourceTree</key>
			<string>&lt;group&gt;</string>
		</dict>
		<key>4D5FDEDD1CF74654005C8051</key>
		<dict>
			<key>fileRef</key>
			<string>4D5FDEDC1CF74654005C8051</string>
			<key>isa</key>
			<string>PBXBuildFile</string>
		</dict>
		<key>4D5FDEDE1CF74654005C8051</key>
		<dict>
			<key>children</key>
			<array>
				<string>4D5FDEDF1CF74654005C8051</string>
			</array>
			<key>isa</key>
			<string>PBXVariantGroup</string>
			<key>name</key>
			<string>LaunchScreen.storyboard</string>
			<key>sourceTree</key>
			<string>&lt;group&gt;</string>
		</dict>
		<key>4D5FDEDF1CF74654005C8051</key>
		<dict>
			<key>isa</key>
			<string>PBXFileReference</string>
			<key>lastKnownFileType</key>
			<string>file.storyboard</string>
			<key>name</key>
			<string>Base</string>
			<key>path</key>
			<string>Base.lproj/LaunchScreen.storyboard</string>
			<key>sourceTree</key>
			<string>&lt;group&gt;</string>
		</dict>
		<key>4D5FDEE01CF74654005C8051</key>
		<dict>
			<key>fileRef</key>
			<string>4D5FDEDE1CF74654005C8051</string>
			<key>isa</key>
			<string>PBXBuildFile</string>
		</dict>
		<key>4D5FDEE11CF74654005C8051</key>
		<dict>
			<key>isa</key>
			<string>PBXFileReference</string>
			<key>lastKnownFileType</key>
			<string>text.plist.xml</string>
			<key>path</key>
			<string>Info.plist</string>
			<key>sourceTree</key>
			<string>&lt;group&gt;</string>
		</dict>
		<key>4D5FDEE21CF74654005C8051</key>
		<dict>
			<key>buildSettings</key>
			<dict>
				<key>ALWAYS_SEARCH_USER_PATHS</key>
				<string>NO</string>
				<key>CLANG_ANALYZER_NONNULL</key>
				<string>YES</string>
				<key>CLANG_CXX_LANGUAGE_STANDARD</key>
				<string>gnu++0x</string>
				<key>CLANG_CXX_LIBRARY</key>
				<string>libc++</string>
				<key>CLANG_ENABLE_MODULES</key>
				<string>YES</string>
				<key>CLANG_ENABLE_OBJC_ARC</key>
				<string>YES</string>
				<key>CLANG_WARN_BOOL_CONVERSION</key>
				<string>YES</string>
				<key>CLANG_WARN_CONSTANT_CONVERSION</key>
				<string>YES</string>
				<key>CLANG_WARN_DIRECT_OBJC_ISA_USAGE</key>
				<string>YES_ERROR</string>
				<key>CLANG_WARN_EMPTY_BODY</key>
				<string>YES</string>
				<key>CLANG_WARN_ENUM_CONVERSION</key>
				<string>YES</string>
				<key>CLANG_WARN_INT_CONVERSION</key>
				<string>YES</string>
				<key>CLANG_WARN_OBJC_ROOT_CLASS</key>
				<string>YES_ERROR</string>
				<key>CLANG_WARN_UNREACHABLE_CODE</key>
				<string>YES</string>
				<key>CLANG_WARN__DUPLICATE_METHOD_MATCH</key>
				<string>YES</string>
				<key>CODE_SIGN_IDENTITY[sdk=iphoneos*]</key>
				<string>iPhone Developer</string>
				<key>COPY_PHASE_STRIP</key>
				<string>NO</string>
				<key>DEBUG_INFORMATION_FORMAT</key>
				<string>dwarf</string>
				<key>ENABLE_STRICT_OBJC_MSGSEND</key>
				<string>YES</string>
				<key>ENABLE_TESTABILITY</key>
				<string>YES</string>
				<key>GCC_C_LANGUAGE_STANDARD</key>
				<string>gnu99</string>
				<key>GCC_DYNAMIC_NO_PIC</key>
				<string>NO</string>
				<key>GCC_NO_COMMON_BLOCKS</key>
				<string>YES</string>
				<key>GCC_OPTIMIZATION_LEVEL</key>
				<string>0</string>
				<key>GCC_PREPROCESSOR_DEFINITIONS</key>
				<array>
					<string>DEBUG=1</string>
					<string>$(inherited)</string>
				</array>
				<key>GCC_WARN_64_TO_32_BIT_CONVERSION</key>
				<string>YES</string>
				<key>GCC_WARN_ABOUT_RETURN_TYPE</key>
				<string>YES_ERROR</string>
				<key>GCC_WARN_UNDECLARED_SELECTOR</key>
				<string>YES</string>
				<key>GCC_WARN_UNINITIALIZED_AUTOS</key>
				<string>YES_AGGRESSIVE</string>
				<key>GCC_WARN_UNUSED_FUNCTION</key>
				<string>YES</string>
				<key>GCC_WARN_UNUSED_VARIABLE</key>
				<string>YES</string>
				<key>IPHONEOS_DEPLOYMENT_TARGET</key>
				<string>9.3</string>
				<key>MTL_ENABLE_DEBUG_INFO</key>
				<string>YES</string>
				<key>ONLY_ACTIVE_ARCH</key>
				<string>YES</string>
				<key>SDKROOT</key>
				<string>iphoneos</string>
				<key>SWIFT_OPTIMIZATION_LEVEL</key>
				<string>-Onone</string>
			</dict>
			<key>isa</key>
			<string>XCBuildConfiguration</string>
			<key>name</key>
			<string>Debug</string>
		</dict>
		<key>4D5FDEE31CF74654005C8051</key>
		<dict>
			<key>buildSettings</key>
			<dict>
				<key>ALWAYS_SEARCH_USER_PATHS</key>
				<string>NO</string>
				<key>CLANG_ANALYZER_NONNULL</key>
				<string>YES</string>
				<key>CLANG_CXX_LANGUAGE_STANDARD</key>
				<string>gnu++0x</string>
				<key>CLANG_CXX_LIBRARY</key>
				<string>libc++</string>
				<key>CLANG_ENABLE_MODULES</key>
				<string>YES</string>
				<key>CLANG_ENABLE_OBJC_ARC</key>
				<string>YES</string>
				<key>CLANG_WARN_BOOL_CONVERSION</key>
				<string>YES</string>
				<key>CLANG_WARN_CONSTANT_CONVERSION</key>
				<string>YES</string>
				<key>CLANG_WARN_DIRECT_OBJC_ISA_USAGE</key>
				<string>YES_ERROR</string>
				<key>CLANG_WARN_EMPTY_BODY</key>
				<string>YES</string>
				<key>CLANG_WARN_ENUM_CONVERSION</key>
				<string>YES</string>
				<key>CLANG_WARN_INT_CONVERSION</key>
				<string>YES</string>
				<key>CLANG_WARN_OBJC_ROOT_CLASS</key>
				<string>YES_ERROR</string>
				<key>CLANG_WARN_UNREACHABLE_CODE</key>
				<string>YES</string>
				<key>CLANG_WARN__DUPLICATE_METHOD_MATCH</key>
				<string>YES</string>
				<key>CODE_SIGN_IDENTITY[sdk=iphoneos*]</key>
				<string>iPhone Developer</string>
				<key>COPY_PHASE_STRIP</key>
				<string>NO</string>
				<key>DEBUG_INFORMATION_FORMAT</key>
				<string>dwarf-with-dsym</string>
				<key>ENABLE_NS_ASSERTIONS</key>
				<string>NO</string>
				<key>ENABLE_STRICT_OBJC_MSGSEND</key>
				<string>YES</string>
				<key>GCC_C_LANGUAGE_STANDARD</key>
				<string>gnu99</string>
				<key>GCC_NO_COMMON_BLOCKS</key>
				<string>YES</string>
				<key>GCC_WARN_64_TO_32_BIT_CONVERSION</key>
				<string>YES</string>
				<key>GCC_WARN_ABOUT_RETURN_TYPE</key>
				<string>YES_ERROR</string>
				<key>GCC_WARN_UNDECLARED_SELECTOR</key>
				<string>YES</string>
				<key>GCC_WARN_UNINITIALIZED_AUTOS</key>
				<string>YES_AGGRESSIVE</string>
				<key>GCC_WARN_UNUSED_FUNCTION</key>
				<string>YES</string>
				<key>GCC_WARN_UNUSED_VARIABLE</key>
				<string>YES</string>
				<key>IPHONEOS_DEPLOYMENT_TARGET</key>
				<string>9.3</string>
				<key>MTL_ENABLE_DEBUG_INFO</key>
				<string>NO</string>
				<key>SDKROOT</key>
				<string>iphoneos</string>
				<key>VALIDATE_PRODUCT</key>
				<string>YES</string>
			</dict>
			<key>isa</key>
			<string>XCBuildConfiguration</string>
			<key>name</key>
			<string>Release</string>
		</dict>
		<key>4D5FDEE41CF74654005C8051</key>
		<dict>
			<key>buildConfigurations</key>
			<array>
				<string>4D5FDEE51CF74654005C8051</string>
				<string>4D5FDEE61CF74654005C8051</string>
			</array>
			<key>defaultConfigurationIsVisible</key>
			<string>0</string>
			<key>defaultConfigurationName</key>
			<string>Release</string>
			<key>isa</key>
			<string>XCConfigurationList</string>
		</dict>
		<key>4D5FDEE51CF74654005C8051</key>
		<dict>
			<key>baseConfigurationReference</key>
			<string>CD4AA0551440E01CB24F4E89</string>
			<key>buildSettings</key>
			<dict>
				<key>ASSETCATALOG_COMPILER_APPICON_NAME</key>
				<string>AppIcon</string>
				<key>INFOPLIST_FILE</key>
				<string>Virtual Tourist/Info.plist</string>
				<key>LD_RUNPATH_SEARCH_PATHS</key>
				<string>$(inherited) @executable_path/Frameworks</string>
				<key>PRODUCT_BUNDLE_IDENTIFIER</key>
				<string>com.markqhao.Virtual-Tourist</string>
				<key>PRODUCT_NAME</key>
				<string>$(TARGET_NAME)</string>
			</dict>
			<key>isa</key>
			<string>XCBuildConfiguration</string>
			<key>name</key>
			<string>Debug</string>
		</dict>
		<key>4D5FDEE61CF74654005C8051</key>
		<dict>
			<key>baseConfigurationReference</key>
			<string>C5074E3EC655A725081164E8</string>
			<key>buildSettings</key>
			<dict>
				<key>ASSETCATALOG_COMPILER_APPICON_NAME</key>
				<string>AppIcon</string>
				<key>INFOPLIST_FILE</key>
				<string>Virtual Tourist/Info.plist</string>
				<key>LD_RUNPATH_SEARCH_PATHS</key>
				<string>$(inherited) @executable_path/Frameworks</string>
				<key>PRODUCT_BUNDLE_IDENTIFIER</key>
				<string>com.markqhao.Virtual-Tourist</string>
				<key>PRODUCT_NAME</key>
				<string>$(TARGET_NAME)</string>
			</dict>
			<key>isa</key>
			<string>XCBuildConfiguration</string>
			<key>name</key>
			<string>Release</string>
		</dict>
		<key>4D5FDEE71CF74676005C8051</key>
		<dict>
			<key>children</key>
			<array>
				<string>4D5FDED71CF74654005C8051</string>
				<string>4D5FDEED1CF74728005C8051</string>
				<string>4D1D7F181CF81C24008BAE3C</string>
			</array>
			<key>isa</key>
			<string>PBXGroup</string>
			<key>name</key>
			<string>Controller</string>
			<key>sourceTree</key>
			<string>&lt;group&gt;</string>
		</dict>
		<key>4D5FDEE81CF74682005C8051</key>
		<dict>
			<key>children</key>
			<array>
				<string>4D1D7F1C1CF8DD3E008BAE3C</string>
				<string>4D5FDEFA1CF75062005C8051</string>
				<string>4D5FDEEB1CF74701005C8051</string>
				<string>4D5FDEEF1CF74B8A005C8051</string>
				<string>4D5FDEFF1CF77DFC005C8051</string>
			</array>
			<key>isa</key>
			<string>PBXGroup</string>
			<key>name</key>
			<string>Model</string>
			<key>sourceTree</key>
			<string>&lt;group&gt;</string>
		</dict>
		<key>4D5FDEE91CF74698005C8051</key>
		<dict>
			<key>children</key>
			<array>
				<string>4D1D7F1A1CF8DCAC008BAE3C</string>
			</array>
			<key>isa</key>
			<string>PBXGroup</string>
			<key>name</key>
			<string>View</string>
			<key>sourceTree</key>
			<string>&lt;group&gt;</string>
		</dict>
		<key>4D5FDEEB1CF74701005C8051</key>
		<dict>
			<key>fileEncoding</key>
			<string>4</string>
			<key>isa</key>
			<string>PBXFileReference</string>
			<key>lastKnownFileType</key>
			<string>sourcecode.swift</string>
			<key>path</key>
			<string>CoreDataStack.swift</string>
			<key>sourceTree</key>
			<string>&lt;group&gt;</string>
		</dict>
		<key>4D5FDEEC1CF74701005C8051</key>
		<dict>
			<key>fileRef</key>
			<string>4D5FDEEB1CF74701005C8051</string>
			<key>isa</key>
			<string>PBXBuildFile</string>
		</dict>
		<key>4D5FDEED1CF74728005C8051</key>
		<dict>
			<key>fileEncoding</key>
			<string>4</string>
			<key>isa</key>
			<string>PBXFileReference</string>
			<key>lastKnownFileType</key>
			<string>sourcecode.swift</string>
			<key>path</key>
			<string>CoreDataTableViewController.swift</string>
			<key>sourceTree</key>
			<string>&lt;group&gt;</string>
		</dict>
		<key>4D5FDEEE1CF74728005C8051</key>
		<dict>
			<key>fileRef</key>
			<string>4D5FDEED1CF74728005C8051</string>
			<key>isa</key>
			<string>PBXBuildFile</string>
		</dict>
		<key>4D5FDEEF1CF74B8A005C8051</key>
		<dict>
			<key>children</key>
			<array>
				<string>4D1D7F241CF8F2A6008BAE3C</string>
				<string>4D5FDEF01CF74B8A005C8051</string>
			</array>
			<key>currentVersion</key>
			<string>4D1D7F241CF8F2A6008BAE3C</string>
			<key>isa</key>
			<string>XCVersionGroup</string>
			<key>name</key>
			<string>Model.xcdatamodeld</string>
			<key>path</key>
			<string>../Model.xcdatamodeld</string>
			<key>sourceTree</key>
			<string>&lt;group&gt;</string>
			<key>versionGroupType</key>
			<string>wrapper.xcdatamodel</string>
		</dict>
		<key>4D5FDEF01CF74B8A005C8051</key>
		<dict>
			<key>isa</key>
			<string>PBXFileReference</string>
			<key>lastKnownFileType</key>
			<string>wrapper.xcdatamodel</string>
			<key>path</key>
			<string>Model.xcdatamodel</string>
			<key>sourceTree</key>
			<string>&lt;group&gt;</string>
		</dict>
		<key>4D5FDEF11CF74B8A005C8051</key>
		<dict>
			<key>fileRef</key>
			<string>4D5FDEEF1CF74B8A005C8051</string>
			<key>isa</key>
			<string>PBXBuildFile</string>
		</dict>
		<key>4D5FDEF21CF75050005C8051</key>
		<dict>
			<key>fileEncoding</key>
			<string>4</string>
			<key>isa</key>
			<string>PBXFileReference</string>
			<key>lastKnownFileType</key>
			<string>sourcecode.swift</string>
			<key>name</key>
			<string>Location+CoreDataProperties.swift</string>
			<key>path</key>
			<string>../Location+CoreDataProperties.swift</string>
			<key>sourceTree</key>
			<string>&lt;group&gt;</string>
		</dict>
		<key>4D5FDEF31CF75050005C8051</key>
		<dict>
			<key>fileEncoding</key>
			<string>4</string>
			<key>isa</key>
			<string>PBXFileReference</string>
			<key>lastKnownFileType</key>
			<string>sourcecode.swift</string>
			<key>name</key>
			<string>Location.swift</string>
			<key>path</key>
			<string>../Location.swift</string>
			<key>sourceTree</key>
			<string>&lt;group&gt;</string>
		</dict>
		<key>4D5FDEF41CF75050005C8051</key>
		<dict>
			<key>fileEncoding</key>
			<string>4</string>
			<key>isa</key>
			<string>PBXFileReference</string>
			<key>lastKnownFileType</key>
			<string>sourcecode.swift</string>
			<key>name</key>
			<string>Image+CoreDataProperties.swift</string>
			<key>path</key>
			<string>../Image+CoreDataProperties.swift</string>
			<key>sourceTree</key>
			<string>&lt;group&gt;</string>
		</dict>
		<key>4D5FDEF51CF75050005C8051</key>
		<dict>
			<key>fileEncoding</key>
			<string>4</string>
			<key>isa</key>
			<string>PBXFileReference</string>
			<key>lastKnownFileType</key>
			<string>sourcecode.swift</string>
			<key>name</key>
			<string>Image.swift</string>
			<key>path</key>
			<string>../Image.swift</string>
			<key>sourceTree</key>
			<string>&lt;group&gt;</string>
		</dict>
		<key>4D5FDEF61CF75050005C8051</key>
		<dict>
			<key>fileRef</key>
			<string>4D5FDEF21CF75050005C8051</string>
			<key>isa</key>
			<string>PBXBuildFile</string>
		</dict>
		<key>4D5FDEF71CF75050005C8051</key>
		<dict>
			<key>fileRef</key>
			<string>4D5FDEF31CF75050005C8051</string>
			<key>isa</key>
			<string>PBXBuildFile</string>
		</dict>
		<key>4D5FDEF81CF75050005C8051</key>
		<dict>
			<key>fileRef</key>
			<string>4D5FDEF41CF75050005C8051</string>
			<key>isa</key>
			<string>PBXBuildFile</string>
		</dict>
		<key>4D5FDEF91CF75050005C8051</key>
		<dict>
			<key>fileRef</key>
			<string>4D5FDEF51CF75050005C8051</string>
			<key>isa</key>
			<string>PBXBuildFile</string>
		</dict>
		<key>4D5FDEFA1CF75062005C8051</key>
		<dict>
			<key>children</key>
			<array>
				<string>4D5FDEF21CF75050005C8051</string>
				<string>4D5FDEF31CF75050005C8051</string>
				<string>4D5FDEF41CF75050005C8051</string>
				<string>4D5FDEF51CF75050005C8051</string>
			</array>
			<key>isa</key>
			<string>PBXGroup</string>
			<key>name</key>
			<string>CoreDataModel</string>
			<key>sourceTree</key>
			<string>&lt;group&gt;</string>
		</dict>
		<key>4D5FDEFB1CF75158005C8051</key>
		<dict>
			<key>fileEncoding</key>
			<string>4</string>
			<key>isa</key>
			<string>PBXFileReference</string>
			<key>lastKnownFileType</key>
			<string>sourcecode.swift</string>
			<key>path</key>
			<string>Constants.swift</string>
			<key>sourceTree</key>
			<string>&lt;group&gt;</string>
		</dict>
		<key>4D5FDEFC1CF75158005C8051</key>
		<dict>
			<key>fileRef</key>
			<string>4D5FDEFB1CF75158005C8051</string>
			<key>isa</key>
			<string>PBXBuildFile</string>
		</dict>
		<key>4D5FDEFD1CF755BA005C8051</key>
		<dict>
			<key>fileEncoding</key>
			<string>4</string>
			<key>isa</key>
			<string>PBXFileReference</string>
			<key>lastKnownFileType</key>
			<string>sourcecode.swift</string>
			<key>path</key>
			<string>Utilities.swift</string>
			<key>sourceTree</key>
			<string>&lt;group&gt;</string>
		</dict>
		<key>4D5FDEFE1CF755BA005C8051</key>
		<dict>
			<key>fileRef</key>
			<string>4D5FDEFD1CF755BA005C8051</string>
			<key>isa</key>
			<string>PBXBuildFile</string>
		</dict>
		<key>4D5FDEFF1CF77DFC005C8051</key>
		<dict>
			<key>fileEncoding</key>
			<string>4</string>
			<key>isa</key>
			<string>PBXFileReference</string>
			<key>lastKnownFileType</key>
			<string>sourcecode.swift</string>
			<key>path</key>
			<string>VTAnnotation.swift</string>
			<key>sourceTree</key>
			<string>&lt;group&gt;</string>
		</dict>
		<key>4D5FDF001CF77DFC005C8051</key>
		<dict>
			<key>fileRef</key>
			<string>4D5FDEFF1CF77DFC005C8051</string>
			<key>isa</key>
			<string>PBXBuildFile</string>
		</dict>
		<key>87B8AA52D66CD9ED07B10E7A</key>
		<dict>
			<key>buildActionMask</key>
			<string>2147483647</string>
			<key>files</key>
			<array/>
			<key>inputPaths</key>
			<array/>
			<key>isa</key>
			<string>PBXShellScriptBuildPhase</string>
			<key>name</key>
			<string>Check Pods Manifest.lock</string>
			<key>outputPaths</key>
			<array/>
			<key>runOnlyForDeploymentPostprocessing</key>
			<string>0</string>
			<key>shellPath</key>
			<string>/bin/sh</string>
			<key>shellScript</key>
			<string>diff "${PODS_ROOT}/../Podfile.lock" "${PODS_ROOT}/Manifest.lock" &gt; /dev/null
if [[ $? != 0 ]] ; then
    cat &lt;&lt; EOM
error: The sandbox is not in sync with the Podfile.lock. Run 'pod install' or update your CocoaPods installation.
EOM
    exit 1
fi
</string>
			<key>showEnvVarsInLog</key>
			<string>0</string>
		</dict>
		<key>A7D72E922899A524D5F2F67D</key>
		<dict>
			<key>fileRef</key>
			<string>38F03124B38581A9DDE41080</string>
			<key>isa</key>
			<string>PBXBuildFile</string>
		</dict>
		<key>AAD20816D9730415075CFB90</key>
		<dict>
			<key>buildActionMask</key>
			<string>2147483647</string>
			<key>files</key>
			<array/>
			<key>inputPaths</key>
			<array/>
			<key>isa</key>
			<string>PBXShellScriptBuildPhase</string>
			<key>name</key>
			<string>Copy Pods Resources</string>
			<key>outputPaths</key>
			<array/>
			<key>runOnlyForDeploymentPostprocessing</key>
			<string>0</string>
			<key>shellPath</key>
			<string>/bin/sh</string>
			<key>shellScript</key>
			<string>"${SRCROOT}/Pods/Target Support Files/Pods-Virtual Tourist/Pods-Virtual Tourist-resources.sh"
</string>
			<key>showEnvVarsInLog</key>
			<string>0</string>
		</dict>
		<key>AC2F2003C5BB77403D4F1195</key>
		<dict>
			<key>children</key>
			<array>
				<string>CD4AA0551440E01CB24F4E89</string>
				<string>C5074E3EC655A725081164E8</string>
			</array>
			<key>isa</key>
			<string>PBXGroup</string>
			<key>name</key>
			<string>Pods</string>
			<key>sourceTree</key>
			<string>&lt;group&gt;</string>
		</dict>
		<key>C5074E3EC655A725081164E8</key>
		<dict>
			<key>includeInIndex</key>
			<string>1</string>
			<key>isa</key>
			<string>PBXFileReference</string>
			<key>lastKnownFileType</key>
			<string>text.xcconfig</string>
			<key>name</key>
			<string>Pods-Virtual Tourist.release.xcconfig</string>
			<key>path</key>
			<string>Pods/Target Support Files/Pods-Virtual Tourist/Pods-Virtual Tourist.release.xcconfig</string>
			<key>sourceTree</key>
			<string>&lt;group&gt;</string>
		</dict>
		<key>C791B4AB62C73E52EEAC952E</key>
		<dict>
			<key>buildActionMask</key>
			<string>2147483647</string>
			<key>files</key>
			<array/>
			<key>inputPaths</key>
			<array/>
			<key>isa</key>
			<string>PBXShellScriptBuildPhase</string>
			<key>name</key>
			<string>Embed Pods Frameworks</string>
			<key>outputPaths</key>
			<array/>
			<key>runOnlyForDeploymentPostprocessing</key>
			<string>0</string>
			<key>shellPath</key>
			<string>/bin/sh</string>
			<key>shellScript</key>
			<string>"${SRCROOT}/Pods/Target Support Files/Pods-Virtual Tourist/Pods-Virtual Tourist-frameworks.sh"
</string>
			<key>showEnvVarsInLog</key>
			<string>0</string>
		</dict>
		<key>CD4AA0551440E01CB24F4E89</key>
		<dict>
			<key>includeInIndex</key>
			<string>1</string>
			<key>isa</key>
			<string>PBXFileReference</string>
			<key>lastKnownFileType</key>
			<string>text.xcconfig</string>
			<key>name</key>
			<string>Pods-Virtual Tourist.debug.xcconfig</string>
			<key>path</key>
			<string>Pods/Target Support Files/Pods-Virtual Tourist/Pods-Virtual Tourist.debug.xcconfig</string>
			<key>sourceTree</key>
			<string>&lt;group&gt;</string>
		</dict>
	</dict>
	<key>rootObject</key>
	<string>4D5FDECA1CF74654005C8051</string>
</dict>
</plist>
